
Microsoft Visual Studio Solution File, Format Version 12.00
# Visual Studio Version 16
VisualStudioVersion = 16.0.32106.194
MinimumVisualStudioVersion = 10.0.40219.1
Project("{9A19103F-16F7-4668-BE54-9A1E7A4F7556}") = "CapOverFlow.Server", "Server\CapOverFlow.Server.csproj", "{770DAAE7-610F-4D51-BA66-63BD0D113C66}"
EndProject
Project("{9A19103F-16F7-4668-BE54-9A1E7A4F7556}") = "CapOverFlow.Client", "Client\CapOverFlow.Client.csproj", "{CAC021EC-4548-46EA-8746-07E9CD9D390E}"
EndProject
Project("{9A19103F-16F7-4668-BE54-9A1E7A4F7556}") = "CapOverFlow.Shared", "Shared\CapOverFlow.Shared.csproj", "{681C09CE-252B-4F9A-B066-CEF9B054834A}"
EndProject
Global
	GlobalSection(SolutionConfigurationPlatforms) = preSolution
		Debug|Any CPU = Debug|Any CPU
		Release|Any CPU = Release|Any CPU
	EndGlobalSection
	GlobalSection(ProjectConfigurationPlatforms) = postSolution
		{770DAAE7-610F-4D51-BA66-63BD0D113C66}.Debug|Any CPU.ActiveCfg = Debug|Any CPU
		{770DAAE7-610F-4D51-BA66-63BD0D113C66}.Debug|Any CPU.Build.0 = Debug|Any CPU
		{770DAAE7-610F-4D51-BA66-63BD0D113C66}.Release|Any CPU.ActiveCfg = Release|Any CPU
		{770DAAE7-610F-4D51-BA66-63BD0D113C66}.Release|Any CPU.Build.0 = Release|Any CPU
		{CAC021EC-4548-46EA-8746-07E9CD9D390E}.Debug|Any CPU.ActiveCfg = Debug|Any CPU
		{CAC021EC-4548-46EA-8746-07E9CD9D390E}.Debug|Any CPU.Build.0 = Debug|Any CPU
		{CAC021EC-4548-46EA-8746-07E9CD9D390E}.Release|Any CPU.ActiveCfg = Release|Any CPU
		{CAC021EC-4548-46EA-8746-07E9CD9D390E}.Release|Any CPU.Build.0 = Release|Any CPU
		{681C09CE-252B-4F9A-B066-CEF9B054834A}.Debug|Any CPU.ActiveCfg = Debug|Any CPU
		{681C09CE-252B-4F9A-B066-CEF9B054834A}.Debug|Any CPU.Build.0 = Debug|Any CPU
		{681C09CE-252B-4F9A-B066-CEF9B054834A}.Release|Any CPU.ActiveCfg = Release|Any CPU
		{681C09CE-252B-4F9A-B066-CEF9B054834A}.Release|Any CPU.Build.0 = Release|Any CPU
	EndGlobalSection
	GlobalSection(SolutionProperties) = preSolution
		HideSolutionNode = FALSE
	EndGlobalSection
	GlobalSection(ExtensibilityGlobals) = postSolution
		SolutionGuid = {60AF52F3-1A4D-4BFA-9295-774FA4FC2078}
	EndGlobalSection
EndGlobal
